PODS:
  - Apple-Cocoapod-KochavaCore (7.6.0)
  - Apple-Cocoapod-KochavaTracker (7.6.0):
    - Apple-Cocoapod-KochavaCore (~> 7.6.0)

DEPENDENCIES:
  - Apple-Cocoapod-KochavaTracker (from `../`)

SPEC REPOS:
  trunk:
    - Apple-Cocoapod-KochavaCore

EXTERNAL SOURCES:
  Apple-Cocoapod-KochavaTracker:
    :path: "../"

SPEC CHECKSUMS:
  Apple-Cocoapod-KochavaCore: b28f817d162ff95e913d29c228df7a58a90e1c02
  Apple-Cocoapod-KochavaTracker: f9bf2ec1be118512f747e2350f4355a54994e246

PODFILE CHECKSUM: cb7054232aa37a8cf2cc2ff6cf04acf5295ed060

COCOAPODS: 1.15.2
