PODS:
  - Apple-Cocoapod-KochavaCore (7.0.0)
  - Apple-Cocoapod-KochavaTracker (7.0.0):
    - Apple-Cocoapod-KochavaCore (~> 7.0.0)

DEPENDENCIES:
  - Apple-Cocoapod-KochavaTracker (from `../`)

SPEC REPOS:
  trunk:
    - Apple-Cocoapod-KochavaCore

EXTERNAL SOURCES:
  Apple-Cocoapod-KochavaTracker:
    :path: "../"

SPEC CHECKSUMS:
  Apple-Cocoapod-KochavaCore: 601130788203d4451b1a4fd6f0de8b0e1c70e20e
  Apple-Cocoapod-KochavaTracker: 61a24db67a812853094ce5b971745b7b13ac8fdc

PODFILE CHECKSUM: cb7054232aa37a8cf2cc2ff6cf04acf5295ed060

COCOAPODS: 1.11.3
